
Microsoft Visual Studio Solution File, Format Version 12.00
# Visual Studio Version 16
VisualStudioVersion = 16.0.31112.23
MinimumVisualStudioVersion = 10.0.40219.1
Project("{FAE04EC0-301F-11D3-BF4B-00C04F79EFBC}") = "Net- middleware", "Net- middleware\Net- middleware.csproj", "{EDF4CB60-0C2A-4F33-9CB0-65B088139FD5}"
EndProject
Global
	GlobalSection(SolutionConfigurationPlatforms) = preSolution
		Debug|Any CPU = Debug|Any CPU
		Release|Any CPU = Release|Any CPU
	EndGlobalSection
	GlobalSection(ProjectConfigurationPlatforms) = postSolution
		{EDF4CB60-0C2A-4F33-9CB0-65B088139FD5}.Debug|Any CPU.ActiveCfg = Debug|Any CPU
		{EDF4CB60-0C2A-4F33-9CB0-65B088139FD5}.Debug|Any CPU.Build.0 = Debug|Any CPU
		{EDF4CB60-0C2A-4F33-9CB0-65B088139FD5}.Release|Any CPU.ActiveCfg = Release|Any CPU
		{EDF4CB60-0C2A-4F33-9CB0-65B088139FD5}.Release|Any CPU.Build.0 = Release|Any CPU
	EndGlobalSection
	GlobalSection(SolutionProperties) = preSolution
		HideSolutionNode = FALSE
	EndGlobalSection
	GlobalSection(ExtensibilityGlobals) = postSolution
		SolutionGuid = {12F90789-B7CA-4A19-A74A-B7E43F60CC29}
	EndGlobalSection
EndGlobal
